
Microsoft Visual Studio Solution File, Format Version 12.00
# Visual Studio Version 17
VisualStudioVersion = 17.5.33530.505
MinimumVisualStudioVersion = 10.0.40219.1
Project("{FAE04EC0-301F-11D3-BF4B-00C04F79EFBC}") = "N5", "N5\N5.csproj", "{1C319AD8-F8DB-49C1-BB5F-AD51A3297BD1}"
EndProject
Global
	GlobalSection(SolutionConfigurationPlatforms) = preSolution
		Debug|Any CPU = Debug|Any CPU
		Release|Any CPU = Release|Any CPU
	EndGlobalSection
	GlobalSection(ProjectConfigurationPlatforms) = postSolution
		{1C319AD8-F8DB-49C1-BB5F-AD51A3297BD1}.Debug|Any CPU.ActiveCfg = Debug|Any CPU
		{1C319AD8-F8DB-49C1-BB5F-AD51A3297BD1}.Debug|Any CPU.Build.0 = Debug|Any CPU
		{1C319AD8-F8DB-49C1-BB5F-AD51A3297BD1}.Release|Any CPU.ActiveCfg = Release|Any CPU
		{1C319AD8-F8DB-49C1-BB5F-AD51A3297BD1}.Release|Any CPU.Build.0 = Release|Any CPU
	EndGlobalSection
	GlobalSection(SolutionProperties) = preSolution
		HideSolutionNode = FALSE
	EndGlobalSection
	GlobalSection(ExtensibilityGlobals) = postSolution
		SolutionGuid = {034C9CE0-E837-4F75-8EB1-6F23A90AC479}
	EndGlobalSection
EndGlobal
